
Microsoft Visual Studio Solution File, Format Version 12.00
# Visual Studio Version 17
VisualStudioVersion = 17.0.31903.59
MinimumVisualStudioVersion = 10.0.40219.1
Project("{FAE04EC0-301F-11D3-BF4B-00C04F79EFBC}") = "DungeonSlime", "DungeonSlime\DungeonSlime.csproj", "{8A33ECBD-F03C-4C53-B2B3-893A61509CA7}"
EndProject
Project("{FAE04EC0-301F-11D3-BF4B-00C04F79EFBC}") = "MonoGameLibrary", "MonoGameLibrary\MonoGameLibrary.csproj", "{BAF28F0D-B530-4AA9-9523-69E29D449731}"
EndProject
Global
	GlobalSection(SolutionConfigurationPlatforms) = preSolution
		Debug|Any CPU = Debug|Any CPU
		Release|Any CPU = Release|Any CPU
	EndGlobalSection
	GlobalSection(SolutionProperties) = preSolution
		HideSolutionNode = FALSE
	EndGlobalSection
	GlobalSection(ProjectConfigurationPlatforms) = postSolution
		{8A33ECBD-F03C-4C53-B2B3-893A61509CA7}.Debug|Any CPU.ActiveCfg = Debug|Any CPU
		{8A33ECBD-F03C-4C53-B2B3-893A61509CA7}.Debug|Any CPU.Build.0 = Debug|Any CPU
		{8A33ECBD-F03C-4C53-B2B3-893A61509CA7}.Release|Any CPU.ActiveCfg = Release|Any CPU
		{8A33ECBD-F03C-4C53-B2B3-893A61509CA7}.Release|Any CPU.Build.0 = Release|Any CPU
		{BAF28F0D-B530-4AA9-9523-69E29D449731}.Debug|Any CPU.ActiveCfg = Debug|Any CPU
		{BAF28F0D-B530-4AA9-9523-69E29D449731}.Debug|Any CPU.Build.0 = Debug|Any CPU
		{BAF28F0D-B530-4AA9-9523-69E29D449731}.Release|Any CPU.ActiveCfg = Release|Any CPU
		{BAF28F0D-B530-4AA9-9523-69E29D449731}.Release|Any CPU.Build.0 = Release|Any CPU
	EndGlobalSection
EndGlobal
